{
  "name": "cockpit-programme-orchestrator",
  "version": "0.1.0",
  "lockfileVersion": 3,
  "requires": true,
  "packages": {
    "": {
      "name": "cockpit-programme-orchestrator",
      "version": "0.1.0",
      "bin": {
        "cpo": "src/cli.js"
      },
      "engines": {
        "node": ">=22.0.0"
      }
    }
  }
}
